
Microsoft Visual Studio Solution File, Format Version 12.00
# Visual Studio Version 17
VisualStudioVersion = 17.2.32519.379
MinimumVisualStudioVersion = 10.0.40219.1
Project("{FAE04EC0-301F-11D3-BF4B-00C04F79EFBC}") = "SD-340-W22SD-Labs", "SD-340-W22SD-Labs.csproj", "{7EE127A6-8246-4888-B586-74A2F5E8306C}"
EndProject
Global
	GlobalSection(SolutionConfigurationPlatforms) = preSolution
		Debug|Any CPU = Debug|Any CPU
		Release|Any CPU = Release|Any CPU
	EndGlobalSection
	GlobalSection(ProjectConfigurationPlatforms) = postSolution
		{7EE127A6-8246-4888-B586-74A2F5E8306C}.Debug|Any CPU.ActiveCfg = Debug|Any CPU
		{7EE127A6-8246-4888-B586-74A2F5E8306C}.Debug|Any CPU.Build.0 = Debug|Any CPU
		{7EE127A6-8246-4888-B586-74A2F5E8306C}.Release|Any CPU.ActiveCfg = Release|Any CPU
		{7EE127A6-8246-4888-B586-74A2F5E8306C}.Release|Any CPU.Build.0 = Release|Any CPU
	EndGlobalSection
	GlobalSection(SolutionProperties) = preSolution
		HideSolutionNode = FALSE
	EndGlobalSection
	GlobalSection(ExtensibilityGlobals) = postSolution
		SolutionGuid = {A1175A6E-AAEF-47D8-A828-AD1F302C3A20}
	EndGlobalSection
EndGlobal
